
Microsoft Visual Studio Solution File, Format Version 12.00
# Visual Studio 15
VisualStudioVersion = 15.0.28307.572
MinimumVisualStudioVersion = 10.0.40219.1
Project("{FAE04EC0-301F-11D3-BF4B-00C04F79EFBC}") = "RestWithASPNETU", "RestWithASPNETU\RestWithASPNETU.csproj", "{1E553584-3924-4DA1-9FB9-9F1C4121A0A3}"
EndProject
Global
	GlobalSection(SolutionConfigurationPlatforms) = preSolution
		Debug|Any CPU = Debug|Any CPU
		Release|Any CPU = Release|Any CPU
	EndGlobalSection
	GlobalSection(ProjectConfigurationPlatforms) = postSolution
		{1E553584-3924-4DA1-9FB9-9F1C4121A0A3}.Debug|Any CPU.ActiveCfg = Debug|Any CPU
		{1E553584-3924-4DA1-9FB9-9F1C4121A0A3}.Debug|Any CPU.Build.0 = Debug|Any CPU
		{1E553584-3924-4DA1-9FB9-9F1C4121A0A3}.Release|Any CPU.ActiveCfg = Release|Any CPU
		{1E553584-3924-4DA1-9FB9-9F1C4121A0A3}.Release|Any CPU.Build.0 = Release|Any CPU
	EndGlobalSection
	GlobalSection(SolutionProperties) = preSolution
		HideSolutionNode = FALSE
	EndGlobalSection
	GlobalSection(ExtensibilityGlobals) = postSolution
		SolutionGuid = {4F8A8236-8FD0-4AB8-B38D-1FD4BC5FD806}
	EndGlobalSection
EndGlobal
